// !$*UTF8*$!
{
	archiveVersion = 1;
	classes = {
	};
	objectVersion = 46;
	objects = {

/* Begin PBXBuildFile section */
		D929FBB21AC98B40007C9736 /* libreadline.dylib in Frameworks */ = {isa = PBXBuildFile; fileRef = D929FBB11AC98B40007C9736 /* libreadline.dylib */; };
		D94962E51AC94520007E17DF /* main.c in Sources */ = {isa = PBXBuildFile; fileRef = D94962E41AC94520007E17DF /* main.c */; };
/* End PBXBuildFile section */

/* Begin PBXCopyFilesBuildPhase section */
		D94962DF1AC94520007E17DF /* CopyFiles */ = {
			isa = PBXCopyFilesBuildPhase;
			buildActionMask = 2147483647;
			dstPath = /usr/share/man/man1/;
			dstSubfolderSpec = 0;
			files = (
			);
			runOnlyForDeploymentPostprocessing = 1;
		};
/* End PBXCopyFilesBuildPhase section */

/* Begin PBXFileReference section */
		D929FBB11AC98B40007C9736 /* libreadline.dylib */ = {isa = PBXFileReference; lastKnownFileType = "compiled.mach-o.dylib"; name = libreadline.dylib; path = usr/lib/libreadline.dylib; sourceTree = SDKROOT; };
		D94962E11AC94520007E17DF /* AGoodStart */ = {isa = PBXFileReference; explicitFileType = "compiled.mach-o.executable"; includeInIndex = 0; path = AGoodStart; sourceTree = BUILT_PRODUCTS_DIR; };
		D94962E41AC94520007E17DF /* main.c */ = {isa = PBXFileReference; lastKnownFileType = sourcecode.c.c; path = main.c; sourceTree = "<group>"; };
/* End PBXFileReference section */

/* Begin PBXFrameworksBuildPhase section */
		D94962DE1AC94520007E17DF /* Frameworks */ = {
			isa = PBXFrameworksBuildPhase;
			buildActionMask = 2147483647;
			files = (
				D929FBB21AC98B40007C9736 /* libreadline.dylib in Frameworks */,
			);
			runOnlyForDeploymentPostprocessing = 0;
		};
/* End PBXFrameworksBuildPhase section */

/* Begin PBXGroup section */
		D94962D81AC94520007E17DF = {
			isa = PBXGroup;
			children = (
				D929FBB11AC98B40007C9736 /* libreadline.dylib */,
				D94962E31AC94520007E17DF /* AGoodStart */,
				D94962E21AC94520007E17DF /* Products */,
			);
			sourceTree = "<group>";
		};
		D94962E21AC94520007E17DF /* Products */ = {
			isa = PBXGroup;
			children = (
				D94962E11AC94520007E17DF /* AGoodStart */,
			);
			name = Products;
			sourceTree = "<group>";
		};
		D94962E31AC94520007E17DF /* AGoodStart */ = {
			isa = PBXGroup;
			children = (
				D94962E41AC94520007E17DF /* main.c */,
			);
			path = AGoodStart;
			sourceTree = "<group>";
		};
/* End PBXGroup section */

/* Begin PBXNativeTarget section */
		D94962E01AC94520007E17DF /* AGoodStart */ = {
			isa = PBXNativeTarget;
			buildConfigurationList = D94962E81AC94520007E17DF /* Build configuration list for PBXNativeTarget "AGoodStart" */;
			buildPhases = (
				D94962DD1AC94520007E17DF /* Sources */,
				D94962DE1AC94520007E17DF /* Frameworks */,
				D94962DF1AC94520007E17DF /* CopyFiles */,
			);
			buildRules = (
			);
			dependencies = (
			);
			name = AGoodStart;
			productName = AGoodStart;
			productReference = D94962E11AC94520007E17DF /* AGoodStart */;
			productType = "com.apple.product-type.tool";
		};
/* End PBXNativeTarget section */

/* Begin PBXProject section */
		D94962D91AC94520007E17DF /* Project object */ = {
			isa = PBXProject;
			attributes = {
				LastUpgradeCheck = 0620;
				ORGANIZATIONNAME = Excilys;
				TargetAttributes = {
					D94962E01AC94520007E17DF = {
						CreatedOnToolsVersion = 6.2;
					};
				};
			};
			buildConfigurationList = D94962DC1AC94520007E17DF /* Build configuration list for PBXProject "AGoodStart" */;
			compatibilityVersion = "Xcode 3.2";
			developmentRegion = English;
			hasScannedForEncodings = 0;
			knownRegions = (
				en,
			);
			mainGroup = D94962D81AC94520007E17DF;
			productRefGroup = D94962E21AC94520007E17DF /* Products */;
			projectDirPath = "";
			projectRoot = "";
			targets = (
				D94962E01AC94520007E17DF /* AGoodStart */,
			);
		};
/* End PBXProject section */

/* Begin PBXSourcesBuildPhase section */
		D94962DD1AC94520007E17DF /* Sources */ = {
			isa = PBXSourcesBuildPhase;
			buildActionMask = 2147483647;
			files = (
				D94962E51AC94520007E17DF /* main.c in Sources */,
			);
			runOnlyForDeploymentPostprocessing = 0;
		};
/* End PBXSourcesBuildPhase section */

/* Begin XCBuildConfiguration section */
		D94962E61AC94520007E17DF /* Debug */ = {
			isa = XCBuildConfiguration;
			buildSettings = {
				ALWAYS_SEARCH_USER_PATHS = NO;
				CLANG_CXX_LANGUAGE_STANDARD = "gnu++0x";
				CLANG_CXX_LIBRARY = "libc++";
				CLANG_ENABLE_MODULES = YES;
				CLANG_ENABLE_OBJC_ARC = YES;
				CLANG_WARN_BOOL_CONVERSION = YES;
				CLANG_WARN_CONSTANT_CONVERSION = YES;
				CLANG_WARN_DIRECT_OBJC_ISA_USAGE = YES_ERROR;
				CLANG_WARN_EMPTY_BODY = YES;
				CLANG_WARN_ENUM_CONVERSION = YES;
				CLANG_WARN_INT_CONVERSION = YES;
				CLANG_WARN_OBJC_ROOT_CLASS = YES_ERROR;
				CLANG_WARN_UNREACHABLE_CODE = YES;
				CLANG_WARN__DUPLICATE_METHOD_MATCH = YES;
				COPY_PHASE_STRIP = NO;
				ENABLE_STRICT_OBJC_MSGSEND = YES;
				GCC_C_LANGUAGE_STANDARD = gnu99;
				GCC_DYNAMIC_NO_PIC = NO;
				GCC_OPTIMIZATION_LEVEL = 0;
				GCC_PREPROCESSOR_DEFINITIONS = (
					"DEBUG=1",
					"$(inherited)",
				);
				GCC_SYMBOLS_PRIVATE_EXTERN = NO;
				GCC_WARN_64_TO_32_BIT_CONVERSION = YES;
				GCC_WARN_ABOUT_RETURN_TYPE = YES_ERROR;
				GCC_WARN_UNDECLARED_SELECTOR = YES;
				GCC_WARN_UNINITIALIZED_AUTOS = YES_AGGRESSIVE;
				GCC_WARN_UNUSED_FUNCTION = YES;
				GCC_WARN_UNUSED_VARIABLE = YES;
				MACOSX_DEPLOYMENT_TARGET = 10.10;
				MTL_ENABLE_DEBUG_INFO = YES;
				ONLY_ACTIVE_ARCH = YES;
				SDKROOT = macosx;
			};
			name = Debug;
		};
		D94962E71AC94520007E17DF /* Release */ = {
			isa = XCBuildConfiguration;
			buildSettings = {
				ALWAYS_SEARCH_USER_PATHS = NO;
				CLANG_CXX_LANGUAGE_STANDARD = "gnu++0x";
				CLANG_CXX_LIBRARY = "libc++";
				CLANG_ENABLE_MODULES = YES;
				CLANG_ENABLE_OBJC_ARC = YES;
				CLANG_WARN_BOOL_CONVERSION = YES;
				CLANG_WARN_CONSTANT_CONVERSION = YES;
				CLANG_WARN_DIRECT_OBJC_ISA_USAGE = YES_ERROR;
				CLANG_WARN_EMPTY_BODY = YES;
				CLANG_WARN_ENUM_CONVERSION = YES;
				CLANG_WARN_INT_CONVERSION = YES;
				CLANG_WARN_OBJC_ROOT_CLASS = YES_ERROR;
				CLANG_WARN_UNREACHABLE_CODE = YES;
				CLANG_WARN__DUPLICATE_METHOD_MATCH = YES;
				COPY_PHASE_STRIP = NO;
				DEBUG_INFORMATION_FORMAT = "dwarf-with-dsym";
				ENABLE_NS_ASSERTIONS = NO;
				ENABLE_STRICT_OBJC_MSGSEND = YES;
				GCC_C_LANGUAGE_STANDARD = gnu99;
				GCC_WARN_64_TO_32_BIT_CONVERSION = YES;
				GCC_WARN_ABOUT_RETURN_TYPE = YES_ERROR;
				GCC_WARN_UNDECLARED_SELECTOR = YES;
				GCC_WARN_UNINITIALIZED_AUTOS = YES_AGGRESSIVE;
				GCC_WARN_UNUSED_FUNCTION = YES;
				GCC_WARN_UNUSED_VARIABLE = YES;
				MACOSX_DEPLOYMENT_TARGET = 10.10;
				MTL_ENABLE_DEBUG_INFO = NO;
				SDKROOT = macosx;
			};
			name = Release;
		};
		D94962E91AC94520007E17DF /* Debug */ = {
			isa = XCBuildConfiguration;
			buildSettings = {
				PRODUCT_NAME = "$(TARGET_NAME)";
			};
			name = Debug;
		};
		D94962EA1AC94520007E17DF /* Release */ = {
			isa = XCBuildConfiguration;
			buildSettings = {
				PRODUCT_NAME = "$(TARGET_NAME)";
			};
			name = Release;
		};
/* End XCBuildConfiguration section */

/* Begin XCConfigurationList section */
		D94962DC1AC94520007E17DF /* Build configuration list for PBXProject "AGoodStart" */ = {
			isa = XCConfigurationList;
			buildConfigurations = (
				D94962E61AC94520007E17DF /* Debug */,
				D94962E71AC94520007E17DF /* Release */,
			);
			defaultConfigurationIsVisible = 0;
			defaultConfigurationName = Release;
		};
		D94962E81AC94520007E17DF /* Build configuration list for PBXNativeTarget "AGoodStart" */ = {
			isa = XCConfigurationList;
			buildConfigurations = (
				D94962E91AC94520007E17DF /* Debug */,
				D94962EA1AC94520007E17DF /* Release */,
			);
			defaultConfigurationIsVisible = 0;
			defaultConfigurationName = Release;
		};
/* End XCConfigurationList section */
	};
	rootObject = D94962D91AC94520007E17DF /* Project object */;
}
