// !$*UTF8*$!
{
	archiveVersion = 1;
	classes = {
	};
	objectVersion = 46;
	objects = {

/* Begin PBXBuildFile section */
		D937C8C31ACAA7C800E73A01 /* main.m in Sources */ = {isa = PBXBuildFile; fileRef = D929FBBF1AC99BD7007C9736 /* main.m */; };
		D937C8C61ACACE5200E73A01 /* BNRPerson.m in Sources */ = {isa = PBXBuildFile; fileRef = D937C8C51ACACE5200E73A01 /* BNRPerson.m */; };
		D937C8CC1ACADB6C00E73A01 /* BNREmployee.m in Sources */ = {isa = PBXBuildFile; fileRef = D937C8CB1ACADB6C00E73A01 /* BNREmployee.m */; };
		D937C8CF1ACAED1F00E73A01 /* BNRAsset.m in Sources */ = {isa = PBXBuildFile; fileRef = D937C8CE1ACAED1F00E73A01 /* BNRAsset.m */; };
/* End PBXBuildFile section */

/* Begin PBXCopyFilesBuildPhase section */
		D929FBBA1AC99BD7007C9736 /* CopyFiles */ = {
			isa = PBXCopyFilesBuildPhase;
			buildActionMask = 2147483647;
			dstPath = /usr/share/man/man1/;
			dstSubfolderSpec = 0;
			files = (
			);
			runOnlyForDeploymentPostprocessing = 1;
		};
/* End PBXCopyFilesBuildPhase section */

/* Begin PBXFileReference section */
		D929FBBC1AC99BD7007C9736 /* StartobjectivC */ = {isa = PBXFileReference; explicitFileType = "compiled.mach-o.executable"; includeInIndex = 0; path = StartobjectivC; sourceTree = BUILT_PRODUCTS_DIR; };
		D929FBBF1AC99BD7007C9736 /* main.m */ = {isa = PBXFileReference; lastKnownFileType = sourcecode.c.objc; path = main.m; sourceTree = "<group>"; };
		D937C8C41ACACE5200E73A01 /* BNRPerson.h */ = {isa = PBXFileReference; fileEncoding = 4; lastKnownFileType = sourcecode.c.h; path = BNRPerson.h; sourceTree = "<group>"; };
		D937C8C51ACACE5200E73A01 /* BNRPerson.m */ = {isa = PBXFileReference; fileEncoding = 4; lastKnownFileType = sourcecode.c.objc; path = BNRPerson.m; sourceTree = "<group>"; };
		D937C8CA1ACADB6C00E73A01 /* BNREmployee.h */ = {isa = PBXFileReference; fileEncoding = 4; lastKnownFileType = sourcecode.c.h; path = BNREmployee.h; sourceTree = "<group>"; };
		D937C8CB1ACADB6C00E73A01 /* BNREmployee.m */ = {isa = PBXFileReference; fileEncoding = 4; lastKnownFileType = sourcecode.c.objc; path = BNREmployee.m; sourceTree = "<group>"; };
		D937C8CD1ACAED1F00E73A01 /* BNRAsset.h */ = {isa = PBXFileReference; fileEncoding = 4; lastKnownFileType = sourcecode.c.h; path = BNRAsset.h; sourceTree = "<group>"; };
		D937C8CE1ACAED1F00E73A01 /* BNRAsset.m */ = {isa = PBXFileReference; fileEncoding = 4; lastKnownFileType = sourcecode.c.objc; path = BNRAsset.m; sourceTree = "<group>"; };
/* End PBXFileReference section */

/* Begin PBXFrameworksBuildPhase section */
		D929FBB91AC99BD7007C9736 /* Frameworks */ = {
			isa = PBXFrameworksBuildPhase;
			buildActionMask = 2147483647;
			files = (
			);
			runOnlyForDeploymentPostprocessing = 0;
		};
/* End PBXFrameworksBuildPhase section */

/* Begin PBXGroup section */
		D929FBB31AC99BD7007C9736 = {
			isa = PBXGroup;
			children = (
				D937C8CA1ACADB6C00E73A01 /* BNREmployee.h */,
				D937C8CB1ACADB6C00E73A01 /* BNREmployee.m */,
				D929FBBE1AC99BD7007C9736 /* StartobjectivC */,
				D929FBBD1AC99BD7007C9736 /* Products */,
			);
			sourceTree = "<group>";
		};
		D929FBBD1AC99BD7007C9736 /* Products */ = {
			isa = PBXGroup;
			children = (
				D929FBBC1AC99BD7007C9736 /* StartobjectivC */,
			);
			name = Products;
			sourceTree = "<group>";
		};
		D929FBBE1AC99BD7007C9736 /* StartobjectivC */ = {
			isa = PBXGroup;
			children = (
				D929FBBF1AC99BD7007C9736 /* main.m */,
				D937C8CD1ACAED1F00E73A01 /* BNRAsset.h */,
				D937C8CE1ACAED1F00E73A01 /* BNRAsset.m */,
				D937C8C41ACACE5200E73A01 /* BNRPerson.h */,
				D937C8C51ACACE5200E73A01 /* BNRPerson.m */,
			);
			path = StartobjectivC;
			sourceTree = "<group>";
		};
/* End PBXGroup section */

/* Begin PBXNativeTarget section */
		D929FBBB1AC99BD7007C9736 /* StartobjectivC */ = {
			isa = PBXNativeTarget;
			buildConfigurationList = D929FBC31AC99BD7007C9736 /* Build configuration list for PBXNativeTarget "StartobjectivC" */;
			buildPhases = (
				D929FBB81AC99BD7007C9736 /* Sources */,
				D929FBB91AC99BD7007C9736 /* Frameworks */,
				D929FBBA1AC99BD7007C9736 /* CopyFiles */,
			);
			buildRules = (
			);
			dependencies = (
			);
			name = StartobjectivC;
			productName = StartobjectivC;
			productReference = D929FBBC1AC99BD7007C9736 /* StartobjectivC */;
			productType = "com.apple.product-type.tool";
		};
/* End PBXNativeTarget section */

/* Begin PBXProject section */
		D929FBB41AC99BD7007C9736 /* Project object */ = {
			isa = PBXProject;
			attributes = {
				LastUpgradeCheck = 0620;
				ORGANIZATIONNAME = Excilys;
				TargetAttributes = {
					D929FBBB1AC99BD7007C9736 = {
						CreatedOnToolsVersion = 6.2;
					};
				};
			};
			buildConfigurationList = D929FBB71AC99BD7007C9736 /* Build configuration list for PBXProject "StartobjectivC" */;
			compatibilityVersion = "Xcode 3.2";
			developmentRegion = English;
			hasScannedForEncodings = 0;
			knownRegions = (
				en,
			);
			mainGroup = D929FBB31AC99BD7007C9736;
			productRefGroup = D929FBBD1AC99BD7007C9736 /* Products */;
			projectDirPath = "";
			projectRoot = "";
			targets = (
				D929FBBB1AC99BD7007C9736 /* StartobjectivC */,
			);
		};
/* End PBXProject section */

/* Begin PBXSourcesBuildPhase section */
		D929FBB81AC99BD7007C9736 /* Sources */ = {
			isa = PBXSourcesBuildPhase;
			buildActionMask = 2147483647;
			files = (
				D937C8CC1ACADB6C00E73A01 /* BNREmployee.m in Sources */,
				D937C8C31ACAA7C800E73A01 /* main.m in Sources */,
				D937C8C61ACACE5200E73A01 /* BNRPerson.m in Sources */,
				D937C8CF1ACAED1F00E73A01 /* BNRAsset.m in Sources */,
			);
			runOnlyForDeploymentPostprocessing = 0;
		};
/* End PBXSourcesBuildPhase section */

/* Begin XCBuildConfiguration section */
		D929FBC11AC99BD7007C9736 /* Debug */ = {
			isa = XCBuildConfiguration;
			buildSettings = {
				ALWAYS_SEARCH_USER_PATHS = NO;
				CLANG_CXX_LANGUAGE_STANDARD = "gnu++0x";
				CLANG_CXX_LIBRARY = "libc++";
				CLANG_ENABLE_MODULES = YES;
				CLANG_ENABLE_OBJC_ARC = YES;
				CLANG_WARN_BOOL_CONVERSION = YES;
				CLANG_WARN_CONSTANT_CONVERSION = YES;
				CLANG_WARN_DIRECT_OBJC_ISA_USAGE = YES_ERROR;
				CLANG_WARN_EMPTY_BODY = YES;
				CLANG_WARN_ENUM_CONVERSION = YES;
				CLANG_WARN_INT_CONVERSION = YES;
				CLANG_WARN_OBJC_ROOT_CLASS = YES_ERROR;
				CLANG_WARN_UNREACHABLE_CODE = YES;
				CLANG_WARN__DUPLICATE_METHOD_MATCH = YES;
				COPY_PHASE_STRIP = NO;
				ENABLE_STRICT_OBJC_MSGSEND = YES;
				GCC_C_LANGUAGE_STANDARD = gnu99;
				GCC_DYNAMIC_NO_PIC = NO;
				GCC_OPTIMIZATION_LEVEL = 0;
				GCC_PREPROCESSOR_DEFINITIONS = (
					"DEBUG=1",
					"$(inherited)",
				);
				GCC_SYMBOLS_PRIVATE_EXTERN = NO;
				GCC_WARN_64_TO_32_BIT_CONVERSION = YES;
				GCC_WARN_ABOUT_RETURN_TYPE = YES_ERROR;
				GCC_WARN_UNDECLARED_SELECTOR = YES;
				GCC_WARN_UNINITIALIZED_AUTOS = YES_AGGRESSIVE;
				GCC_WARN_UNUSED_FUNCTION = YES;
				GCC_WARN_UNUSED_VARIABLE = YES;
				MACOSX_DEPLOYMENT_TARGET = 10.10;
				MTL_ENABLE_DEBUG_INFO = YES;
				ONLY_ACTIVE_ARCH = YES;
				SDKROOT = macosx;
			};
			name = Debug;
		};
		D929FBC21AC99BD7007C9736 /* Release */ = {
			isa = XCBuildConfiguration;
			buildSettings = {
				ALWAYS_SEARCH_USER_PATHS = NO;
				CLANG_CXX_LANGUAGE_STANDARD = "gnu++0x";
				CLANG_CXX_LIBRARY = "libc++";
				CLANG_ENABLE_MODULES = YES;
				CLANG_ENABLE_OBJC_ARC = YES;
				CLANG_WARN_BOOL_CONVERSION = YES;
				CLANG_WARN_CONSTANT_CONVERSION = YES;
				CLANG_WARN_DIRECT_OBJC_ISA_USAGE = YES_ERROR;
				CLANG_WARN_EMPTY_BODY = YES;
				CLANG_WARN_ENUM_CONVERSION = YES;
				CLANG_WARN_INT_CONVERSION = YES;
				CLANG_WARN_OBJC_ROOT_CLASS = YES_ERROR;
				CLANG_WARN_UNREACHABLE_CODE = YES;
				CLANG_WARN__DUPLICATE_METHOD_MATCH = YES;
				COPY_PHASE_STRIP = NO;
				DEBUG_INFORMATION_FORMAT = "dwarf-with-dsym";
				ENABLE_NS_ASSERTIONS = NO;
				ENABLE_STRICT_OBJC_MSGSEND = YES;
				GCC_C_LANGUAGE_STANDARD = gnu99;
				GCC_WARN_64_TO_32_BIT_CONVERSION = YES;
				GCC_WARN_ABOUT_RETURN_TYPE = YES_ERROR;
				GCC_WARN_UNDECLARED_SELECTOR = YES;
				GCC_WARN_UNINITIALIZED_AUTOS = YES_AGGRESSIVE;
				GCC_WARN_UNUSED_FUNCTION = YES;
				GCC_WARN_UNUSED_VARIABLE = YES;
				MACOSX_DEPLOYMENT_TARGET = 10.10;
				MTL_ENABLE_DEBUG_INFO = NO;
				SDKROOT = macosx;
			};
			name = Release;
		};
		D929FBC41AC99BD7007C9736 /* Debug */ = {
			isa = XCBuildConfiguration;
			buildSettings = {
				PRODUCT_NAME = "$(TARGET_NAME)";
			};
			name = Debug;
		};
		D929FBC51AC99BD7007C9736 /* Release */ = {
			isa = XCBuildConfiguration;
			buildSettings = {
				PRODUCT_NAME = "$(TARGET_NAME)";
			};
			name = Release;
		};
/* End XCBuildConfiguration section */

/* Begin XCConfigurationList section */
		D929FBB71AC99BD7007C9736 /* Build configuration list for PBXProject "StartobjectivC" */ = {
			isa = XCConfigurationList;
			buildConfigurations = (
				D929FBC11AC99BD7007C9736 /* Debug */,
				D929FBC21AC99BD7007C9736 /* Release */,
			);
			defaultConfigurationIsVisible = 0;
			defaultConfigurationName = Release;
		};
		D929FBC31AC99BD7007C9736 /* Build configuration list for PBXNativeTarget "StartobjectivC" */ = {
			isa = XCConfigurationList;
			buildConfigurations = (
				D929FBC41AC99BD7007C9736 /* Debug */,
				D929FBC51AC99BD7007C9736 /* Release */,
			);
			defaultConfigurationIsVisible = 0;
			defaultConfigurationName = Release;
		};
/* End XCConfigurationList section */
	};
	rootObject = D929FBB41AC99BD7007C9736 /* Project object */;
}
